
Microsoft Visual Studio Solution File, Format Version 12.00
# Visual Studio 15
VisualStudioVersion = 15.0.28307.902
MinimumVisualStudioVersion = 10.0.40219.1
Project("{9A19103F-16F7-4668-BE54-9A1E7A4F7556}") = "VitecMvSemester3", "VitecMvSemester3\VitecMvSemester3.csproj", "{0572ABE4-ABA7-4FF8-B4D4-FC417B7C7ACA}"
EndProject
Project("{9A19103F-16F7-4668-BE54-9A1E7A4F7556}") = "VitecAPI", "VitecAPI\VitecAPI.csproj", "{DFCE989B-A18C-4064-B14E-3770F8DBAFD2}"
EndProject
Global
	GlobalSection(SolutionConfigurationPlatforms) = preSolution
		Debug|Any CPU = Debug|Any CPU
		Release|Any CPU = Release|Any CPU
	EndGlobalSection
	GlobalSection(ProjectConfigurationPlatforms) = postSolution
		{0572ABE4-ABA7-4FF8-B4D4-FC417B7C7ACA}.Debug|Any CPU.ActiveCfg = Debug|Any CPU
		{0572ABE4-ABA7-4FF8-B4D4-FC417B7C7ACA}.Debug|Any CPU.Build.0 = Debug|Any CPU
		{0572ABE4-ABA7-4FF8-B4D4-FC417B7C7ACA}.Release|Any CPU.ActiveCfg = Release|Any CPU
		{0572ABE4-ABA7-4FF8-B4D4-FC417B7C7ACA}.Release|Any CPU.Build.0 = Release|Any CPU
		{DFCE989B-A18C-4064-B14E-3770F8DBAFD2}.Debug|Any CPU.ActiveCfg = Debug|Any CPU
		{DFCE989B-A18C-4064-B14E-3770F8DBAFD2}.Debug|Any CPU.Build.0 = Debug|Any CPU
		{DFCE989B-A18C-4064-B14E-3770F8DBAFD2}.Release|Any CPU.ActiveCfg = Release|Any CPU
		{DFCE989B-A18C-4064-B14E-3770F8DBAFD2}.Release|Any CPU.Build.0 = Release|Any CPU
	EndGlobalSection
	GlobalSection(SolutionProperties) = preSolution
		HideSolutionNode = FALSE
	EndGlobalSection
	GlobalSection(ExtensibilityGlobals) = postSolution
		SolutionGuid = {DF0E80E2-A4DF-440F-81D8-D6ED4539F0A0}
	EndGlobalSection
EndGlobal
